
Microsoft Visual Studio Solution File, Format Version 12.00
# Visual Studio 15
VisualStudioVersion = 15.0.28010.2036
MinimumVisualStudioVersion = 10.0.40219.1
Project("{FAE04EC0-301F-11D3-BF4B-00C04F79EFBC}") = "WindowsFormsVerzweig_Steuerelem_C-sharp", "WindowsFormsVerzweig_Steuerelem_C-sharp\WindowsFormsVerzweig_Steuerelem_C-sharp.csproj", "{BA491194-812A-44E5-BA33-74B0F5C38866}"
EndProject
Global
	GlobalSection(SolutionConfigurationPlatforms) = preSolution
		Debug|Any CPU = Debug|Any CPU
		Release|Any CPU = Release|Any CPU
	EndGlobalSection
	GlobalSection(ProjectConfigurationPlatforms) = postSolution
		{BA491194-812A-44E5-BA33-74B0F5C38866}.Debug|Any CPU.ActiveCfg = Debug|Any CPU
		{BA491194-812A-44E5-BA33-74B0F5C38866}.Debug|Any CPU.Build.0 = Debug|Any CPU
		{BA491194-812A-44E5-BA33-74B0F5C38866}.Release|Any CPU.ActiveCfg = Release|Any CPU
		{BA491194-812A-44E5-BA33-74B0F5C38866}.Release|Any CPU.Build.0 = Release|Any CPU
	EndGlobalSection
	GlobalSection(SolutionProperties) = preSolution
		HideSolutionNode = FALSE
	EndGlobalSection
	GlobalSection(ExtensibilityGlobals) = postSolution
		SolutionGuid = {7189E929-C674-4E94-95A5-53A101421AA7}
	EndGlobalSection
EndGlobal
